<?xml version="1.0" encoding="utf-8"?>
<Project ToolsVersion="4.0" xmlns="http://schemas.microsoft.com/developer/msbuild/2003">
  <ItemGroup>
    <Filter Include="源文件">
      <UniqueIdentifier>{4FC737F1-C7A5-4376-A066-2A32D752A2FF}</UniqueIdentifier>
      <Extensions>cpp;c;cc;cxx;c++;cppm;ixx;def;odl;idl;hpj;bat;asm;asmx</Extensions>
    </Filter>
    <Filter Include="头文件">
      <UniqueIdentifier>{93995380-89BD-4b04-88EB-625FBE52EBFB}</UniqueIdentifier>
      <Extensions>h;hh;hpp;hxx;h++;hm;inl;inc;ipp;xsd</Extensions>
    </Filter>
    <Filter Include="资源文件">
      <UniqueIdentifier>{67DA6AB6-F800-4c08-8B7A-83BB121AAD01}</UniqueIdentifier>
      <Extensions>rc;ico;cur;bmp;dlg;rc2;rct;bin;rgs;gif;jpg;jpeg;jpe;resx;tiff;tif;png;wav;mfcribbon-ms</Extensions>
    </Filter>
    <Filter Include="头文件\internal">
      <UniqueIdentifier>{0189e896-522c-4e17-87b9-4d3b7c5c6349}</UniqueIdentifier>
    </Filter>
    <Filter Include="头文件\mixins">
      <UniqueIdentifier>{b098a3a5-95ef-4671-b7ba-7adda7745d0c}</UniqueIdentifier>
    </Filter>
    <Filter Include="头文件\utilities">
      <UniqueIdentifier>{0aeb7c5e-3a84-429c-8844-18b7baa586b7}</UniqueIdentifier>
    </Filter>
  </ItemGroup>
  <ItemGroup>
    <ClInclude Include="include\eventpp\callbacklist.h">
      <Filter>头文件</Filter>
    </ClInclude>
    <ClInclude Include="include\eventpp\eventdispatcher.h">
      <Filter>头文件</Filter>
    </ClInclude>
    <ClInclude Include="include\eventpp\eventpolicies.h">
      <Filter>头文件</Filter>
    </ClInclude>
    <ClInclude Include="include\eventpp\eventqueue.h">
      <Filter>头文件</Filter>
    </ClInclude>
    <ClInclude Include="include\eventpp\hetercallbacklist.h">
      <Filter>头文件</Filter>
    </ClInclude>
    <ClInclude Include="include\eventpp\hetereventdispatcher.h">
      <Filter>头文件</Filter>
    </ClInclude>
    <ClInclude Include="include\eventpp\hetereventqueue.h">
      <Filter>头文件</Filter>
    </ClInclude>
    <ClInclude Include="include\eventpp\internal\eventpolicies_i.h">
      <Filter>头文件\internal</Filter>
    </ClInclude>
    <ClInclude Include="include\eventpp\internal\eventqueue_i.h">
      <Filter>头文件\internal</Filter>
    </ClInclude>
    <ClInclude Include="include\eventpp\internal\hetercallbacklist_i.h">
      <Filter>头文件\internal</Filter>
    </ClInclude>
    <ClInclude Include="include\eventpp\internal\typeutil_i.h">
      <Filter>头文件\internal</Filter>
    </ClInclude>
    <ClInclude Include="include\eventpp\mixins\mixinfilter.h">
      <Filter>头文件\mixins</Filter>
    </ClInclude>
    <ClInclude Include="include\eventpp\mixins\mixinheterfilter.h">
      <Filter>头文件\mixins</Filter>
    </ClInclude>
    <ClInclude Include="include\eventpp\utilities\anyid.h">
      <Filter>头文件\utilities</Filter>
    </ClInclude>
    <ClInclude Include="include\eventpp\utilities\argumentadapter.h">
      <Filter>头文件\utilities</Filter>
    </ClInclude>
    <ClInclude Include="include\eventpp\utilities\conditionalfunctor.h">
      <Filter>头文件\utilities</Filter>
    </ClInclude>
    <ClInclude Include="include\eventpp\utilities\conditionalremover.h">
      <Filter>头文件\utilities</Filter>
    </ClInclude>
    <ClInclude Include="include\eventpp\utilities\counterremover.h">
      <Filter>头文件\utilities</Filter>
    </ClInclude>
    <ClInclude Include="include\eventpp\utilities\eventmaker.h">
      <Filter>头文件\utilities</Filter>
    </ClInclude>
    <ClInclude Include="include\eventpp\utilities\eventutil.h">
      <Filter>头文件\utilities</Filter>
    </ClInclude>
    <ClInclude Include="include\eventpp\utilities\orderedqueuelist.h">
      <Filter>头文件\utilities</Filter>
    </ClInclude>
    <ClInclude Include="include\eventpp\utilities\scopedremover.h">
      <Filter>头文件\utilities</Filter>
    </ClInclude>
  </ItemGroup>
  <ItemGroup>
    <ClCompile Include="Eventpp.cpp">
      <Filter>源文件</Filter>
    </ClCompile>
  </ItemGroup>
</Project>