<?xml version="1.0" encoding="utf-8"?>
<Project ToolsVersion="4.0" xmlns="http://schemas.microsoft.com/developer/msbuild/2003">
  <ItemGroup>
    <Filter Include="源文件">
      <UniqueIdentifier>{4FC737F1-C7A5-4376-A066-2A32D752A2FF}</UniqueIdentifier>
      <Extensions>cpp;c;cc;cxx;c++;cppm;ixx;def;odl;idl;hpj;bat;asm;asmx</Extensions>
    </Filter>
    <Filter Include="头文件">
      <UniqueIdentifier>{93995380-89BD-4b04-88EB-625FBE52EBFB}</UniqueIdentifier>
      <Extensions>h;hh;hpp;hxx;h++;hm;inl;inc;ipp;xsd</Extensions>
    </Filter>
    <Filter Include="资源文件">
      <UniqueIdentifier>{67DA6AB6-F800-4c08-8B7A-83BB121AAD01}</UniqueIdentifier>
      <Extensions>rc;ico;cur;bmp;dlg;rc2;rct;bin;rgs;gif;jpg;jpeg;jpe;resx;tiff;tif;png;wav;mfcribbon-ms</Extensions>
    </Filter>
    <Filter Include="头文件\detail">
      <UniqueIdentifier>{6bb4a5f0-a027-4db2-85d1-d19c671f46c1}</UniqueIdentifier>
    </Filter>
    <Filter Include="头文件\net">
      <UniqueIdentifier>{c7d19bf5-d18d-4862-9d7a-888e3216babb}</UniqueIdentifier>
    </Filter>
  </ItemGroup>
  <ItemGroup>
    <ClInclude Include="include\cppcoro\async_auto_reset_event.hpp">
      <Filter>头文件</Filter>
    </ClInclude>
    <ClInclude Include="include\cppcoro\async_generator.hpp">
      <Filter>头文件</Filter>
    </ClInclude>
    <ClInclude Include="include\cppcoro\async_latch.hpp">
      <Filter>头文件</Filter>
    </ClInclude>
    <ClInclude Include="include\cppcoro\async_manual_reset_event.hpp">
      <Filter>头文件</Filter>
    </ClInclude>
    <ClInclude Include="include\cppcoro\async_mutex.hpp">
      <Filter>头文件</Filter>
    </ClInclude>
    <ClInclude Include="include\cppcoro\async_scope.hpp">
      <Filter>头文件</Filter>
    </ClInclude>
    <ClInclude Include="include\cppcoro\awaitable_traits.hpp">
      <Filter>头文件</Filter>
    </ClInclude>
    <ClInclude Include="include\cppcoro\broken_promise.hpp">
      <Filter>头文件</Filter>
    </ClInclude>
    <ClInclude Include="include\cppcoro\cancellation_registration.hpp">
      <Filter>头文件</Filter>
    </ClInclude>
    <ClInclude Include="include\cppcoro\cancellation_source.hpp">
      <Filter>头文件</Filter>
    </ClInclude>
    <ClInclude Include="include\cppcoro\cancellation_token.hpp">
      <Filter>头文件</Filter>
    </ClInclude>
    <ClInclude Include="include\cppcoro\config.hpp">
      <Filter>头文件</Filter>
    </ClInclude>
    <ClInclude Include="include\cppcoro\coroutine.hpp">
      <Filter>头文件</Filter>
    </ClInclude>
    <ClInclude Include="include\cppcoro\file.hpp">
      <Filter>头文件</Filter>
    </ClInclude>
    <ClInclude Include="include\cppcoro\file_buffering_mode.hpp">
      <Filter>头文件</Filter>
    </ClInclude>
    <ClInclude Include="include\cppcoro\file_open_mode.hpp">
      <Filter>头文件</Filter>
    </ClInclude>
    <ClInclude Include="include\cppcoro\file_read_operation.hpp">
      <Filter>头文件</Filter>
    </ClInclude>
    <ClInclude Include="include\cppcoro\file_share_mode.hpp">
      <Filter>头文件</Filter>
    </ClInclude>
    <ClInclude Include="include\cppcoro\file_write_operation.hpp">
      <Filter>头文件</Filter>
    </ClInclude>
    <ClInclude Include="include\cppcoro\filesystem.hpp">
      <Filter>头文件</Filter>
    </ClInclude>
    <ClInclude Include="include\cppcoro\fmap.hpp">
      <Filter>头文件</Filter>
    </ClInclude>
    <ClInclude Include="include\cppcoro\generator.hpp">
      <Filter>头文件</Filter>
    </ClInclude>
    <ClInclude Include="include\cppcoro\inline_scheduler.hpp">
      <Filter>头文件</Filter>
    </ClInclude>
    <ClInclude Include="include\cppcoro\io_service.hpp">
      <Filter>头文件</Filter>
    </ClInclude>
    <ClInclude Include="include\cppcoro\is_awaitable.hpp">
      <Filter>头文件</Filter>
    </ClInclude>
    <ClInclude Include="include\cppcoro\multi_producer_sequencer.hpp">
      <Filter>头文件</Filter>
    </ClInclude>
    <ClInclude Include="include\cppcoro\on_scope_exit.hpp">
      <Filter>头文件</Filter>
    </ClInclude>
    <ClInclude Include="include\cppcoro\operation_cancelled.hpp">
      <Filter>头文件</Filter>
    </ClInclude>
    <ClInclude Include="include\cppcoro\read_only_file.hpp">
      <Filter>头文件</Filter>
    </ClInclude>
    <ClInclude Include="include\cppcoro\read_write_file.hpp">
      <Filter>头文件</Filter>
    </ClInclude>
    <ClInclude Include="include\cppcoro\readable_file.hpp">
      <Filter>头文件</Filter>
    </ClInclude>
    <ClInclude Include="include\cppcoro\recursive_generator.hpp">
      <Filter>头文件</Filter>
    </ClInclude>
    <ClInclude Include="include\cppcoro\resume_on.hpp">
      <Filter>头文件</Filter>
    </ClInclude>
    <ClInclude Include="include\cppcoro\round_robin_scheduler.hpp">
      <Filter>头文件</Filter>
    </ClInclude>
    <ClInclude Include="include\cppcoro\schedule_on.hpp">
      <Filter>头文件</Filter>
    </ClInclude>
    <ClInclude Include="include\cppcoro\sequence_barrier.hpp">
      <Filter>头文件</Filter>
    </ClInclude>
    <ClInclude Include="include\cppcoro\sequence_range.hpp">
      <Filter>头文件</Filter>
    </ClInclude>
    <ClInclude Include="include\cppcoro\sequence_traits.hpp">
      <Filter>头文件</Filter>
    </ClInclude>
    <ClInclude Include="include\cppcoro\shared_task.hpp">
      <Filter>头文件</Filter>
    </ClInclude>
    <ClInclude Include="include\cppcoro\single_consumer_async_auto_reset_event.hpp">
      <Filter>头文件</Filter>
    </ClInclude>
    <ClInclude Include="include\cppcoro\single_consumer_event.hpp">
      <Filter>头文件</Filter>
    </ClInclude>
    <ClInclude Include="include\cppcoro\single_producer_sequencer.hpp">
      <Filter>头文件</Filter>
    </ClInclude>
    <ClInclude Include="include\cppcoro\static_thread_pool.hpp">
      <Filter>头文件</Filter>
    </ClInclude>
    <ClInclude Include="include\cppcoro\sync_wait.hpp">
      <Filter>头文件</Filter>
    </ClInclude>
    <ClInclude Include="include\cppcoro\task.hpp">
      <Filter>头文件</Filter>
    </ClInclude>
    <ClInclude Include="include\cppcoro\when_all.hpp">
      <Filter>头文件</Filter>
    </ClInclude>
    <ClInclude Include="include\cppcoro\when_all_ready.hpp">
      <Filter>头文件</Filter>
    </ClInclude>
    <ClInclude Include="include\cppcoro\writable_file.hpp">
      <Filter>头文件</Filter>
    </ClInclude>
    <ClInclude Include="include\cppcoro\write_only_file.hpp">
      <Filter>头文件</Filter>
    </ClInclude>
    <ClInclude Include="include\cppcoro\detail\any.hpp">
      <Filter>头文件\detail</Filter>
    </ClInclude>
    <ClInclude Include="include\cppcoro\detail\get_awaiter.hpp">
      <Filter>头文件\detail</Filter>
    </ClInclude>
    <ClInclude Include="include\cppcoro\detail\is_awaiter.hpp">
      <Filter>头文件\detail</Filter>
    </ClInclude>
    <ClInclude Include="include\cppcoro\detail\lightweight_manual_reset_event.hpp">
      <Filter>头文件\detail</Filter>
    </ClInclude>
    <ClInclude Include="include\cppcoro\detail\linux.hpp">
      <Filter>头文件\detail</Filter>
    </ClInclude>
    <ClInclude Include="include\cppcoro\detail\linux_io_operation.hpp">
      <Filter>头文件\detail</Filter>
    </ClInclude>
    <ClInclude Include="include\cppcoro\detail\linux_uring_queue.hpp">
      <Filter>头文件\detail</Filter>
    </ClInclude>
    <ClInclude Include="include\cppcoro\detail\manual_lifetime.hpp">
      <Filter>头文件\detail</Filter>
    </ClInclude>
    <ClInclude Include="include\cppcoro\detail\remove_rvalue_reference.hpp">
      <Filter>头文件\detail</Filter>
    </ClInclude>
    <ClInclude Include="include\cppcoro\detail\sync_wait_task.hpp">
      <Filter>头文件\detail</Filter>
    </ClInclude>
    <ClInclude Include="include\cppcoro\detail\unwrap_reference.hpp">
      <Filter>头文件\detail</Filter>
    </ClInclude>
    <ClInclude Include="include\cppcoro\detail\void_value.hpp">
      <Filter>头文件\detail</Filter>
    </ClInclude>
    <ClInclude Include="include\cppcoro\detail\when_all_counter.hpp">
      <Filter>头文件\detail</Filter>
    </ClInclude>
    <ClInclude Include="include\cppcoro\detail\when_all_ready_awaitable.hpp">
      <Filter>头文件\detail</Filter>
    </ClInclude>
    <ClInclude Include="include\cppcoro\detail\when_all_task.hpp">
      <Filter>头文件\detail</Filter>
    </ClInclude>
    <ClInclude Include="include\cppcoro\detail\win32.hpp">
      <Filter>头文件\detail</Filter>
    </ClInclude>
    <ClInclude Include="include\cppcoro\detail\win32_overlapped_operation.hpp">
      <Filter>头文件\detail</Filter>
    </ClInclude>
    <ClInclude Include="include\cppcoro\net\ip_address.hpp">
      <Filter>头文件\net</Filter>
    </ClInclude>
    <ClInclude Include="include\cppcoro\net\ip_endpoint.hpp">
      <Filter>头文件\net</Filter>
    </ClInclude>
    <ClInclude Include="include\cppcoro\net\ipv4_address.hpp">
      <Filter>头文件\net</Filter>
    </ClInclude>
    <ClInclude Include="include\cppcoro\net\ipv4_endpoint.hpp">
      <Filter>头文件\net</Filter>
    </ClInclude>
    <ClInclude Include="include\cppcoro\net\ipv6_address.hpp">
      <Filter>头文件\net</Filter>
    </ClInclude>
    <ClInclude Include="include\cppcoro\net\ipv6_endpoint.hpp">
      <Filter>头文件\net</Filter>
    </ClInclude>
    <ClInclude Include="include\cppcoro\net\socket.hpp">
      <Filter>头文件\net</Filter>
    </ClInclude>
    <ClInclude Include="include\cppcoro\net\socket_accept_operation.hpp">
      <Filter>头文件\net</Filter>
    </ClInclude>
    <ClInclude Include="include\cppcoro\net\socket_connect_operation.hpp">
      <Filter>头文件\net</Filter>
    </ClInclude>
    <ClInclude Include="include\cppcoro\net\socket_disconnect_operation.hpp">
      <Filter>头文件\net</Filter>
    </ClInclude>
    <ClInclude Include="include\cppcoro\net\socket_recv_from_operation.hpp">
      <Filter>头文件\net</Filter>
    </ClInclude>
    <ClInclude Include="include\cppcoro\net\socket_recv_operation.hpp">
      <Filter>头文件\net</Filter>
    </ClInclude>
    <ClInclude Include="include\cppcoro\net\socket_send_operation.hpp">
      <Filter>头文件\net</Filter>
    </ClInclude>
    <ClInclude Include="include\cppcoro\net\socket_send_to_operation.hpp">
      <Filter>头文件\net</Filter>
    </ClInclude>
    <ClInclude Include="lib\auto_reset_event.hpp">
      <Filter>源文件</Filter>
    </ClInclude>
    <ClInclude Include="lib\cancellation_state.hpp">
      <Filter>源文件</Filter>
    </ClInclude>
    <ClInclude Include="lib\socket_helpers.hpp">
      <Filter>源文件</Filter>
    </ClInclude>
    <ClInclude Include="lib\spin_mutex.hpp">
      <Filter>源文件</Filter>
    </ClInclude>
    <ClInclude Include="lib\spin_wait.hpp">
      <Filter>源文件</Filter>
    </ClInclude>
  </ItemGroup>
  <ItemGroup>
    <ClCompile Include="lib\async_auto_reset_event.cpp">
      <Filter>源文件</Filter>
    </ClCompile>
    <ClCompile Include="lib\async_manual_reset_event.cpp">
      <Filter>源文件</Filter>
    </ClCompile>
    <ClCompile Include="lib\async_mutex.cpp">
      <Filter>源文件</Filter>
    </ClCompile>
    <ClCompile Include="lib\auto_reset_event.cpp">
      <Filter>源文件</Filter>
    </ClCompile>
    <ClCompile Include="lib\cancellation_registration.cpp">
      <Filter>源文件</Filter>
    </ClCompile>
    <ClCompile Include="lib\cancellation_source.cpp">
      <Filter>源文件</Filter>
    </ClCompile>
    <ClCompile Include="lib\cancellation_state.cpp">
      <Filter>源文件</Filter>
    </ClCompile>
    <ClCompile Include="lib\cancellation_token.cpp">
      <Filter>源文件</Filter>
    </ClCompile>
    <ClCompile Include="lib\file.cpp">
      <Filter>源文件</Filter>
    </ClCompile>
    <ClCompile Include="lib\file_read_operation.cpp">
      <Filter>源文件</Filter>
    </ClCompile>
    <ClCompile Include="lib\file_write_operation.cpp">
      <Filter>源文件</Filter>
    </ClCompile>
    <ClCompile Include="lib\io_service.cpp">
      <Filter>源文件</Filter>
    </ClCompile>
    <ClCompile Include="lib\ip_address.cpp">
      <Filter>源文件</Filter>
    </ClCompile>
    <ClCompile Include="lib\ip_endpoint.cpp">
      <Filter>源文件</Filter>
    </ClCompile>
    <ClCompile Include="lib\ipv4_address.cpp">
      <Filter>源文件</Filter>
    </ClCompile>
    <ClCompile Include="lib\ipv4_endpoint.cpp">
      <Filter>源文件</Filter>
    </ClCompile>
    <ClCompile Include="lib\ipv6_address.cpp">
      <Filter>源文件</Filter>
    </ClCompile>
    <ClCompile Include="lib\ipv6_endpoint.cpp">
      <Filter>源文件</Filter>
    </ClCompile>
    <ClCompile Include="lib\lightweight_manual_reset_event.cpp">
      <Filter>源文件</Filter>
    </ClCompile>
    <ClCompile Include="lib\linux.cpp">
      <Filter>源文件</Filter>
    </ClCompile>
    <ClCompile Include="lib\linux_uring_queue.cpp">
      <Filter>源文件</Filter>
    </ClCompile>
    <ClCompile Include="lib\read_only_file.cpp">
      <Filter>源文件</Filter>
    </ClCompile>
    <ClCompile Include="lib\read_write_file.cpp">
      <Filter>源文件</Filter>
    </ClCompile>
    <ClCompile Include="lib\readable_file.cpp">
      <Filter>源文件</Filter>
    </ClCompile>
    <ClCompile Include="lib\socket.cpp">
      <Filter>源文件</Filter>
    </ClCompile>
    <ClCompile Include="lib\socket_accept_operation.cpp">
      <Filter>源文件</Filter>
    </ClCompile>
    <ClCompile Include="lib\socket_connect_operation.cpp">
      <Filter>源文件</Filter>
    </ClCompile>
    <ClCompile Include="lib\socket_disconnect_operation.cpp">
      <Filter>源文件</Filter>
    </ClCompile>
    <ClCompile Include="lib\socket_helpers.cpp">
      <Filter>源文件</Filter>
    </ClCompile>
    <ClCompile Include="lib\socket_recv_from_operation.cpp">
      <Filter>源文件</Filter>
    </ClCompile>
    <ClCompile Include="lib\socket_recv_operation.cpp">
      <Filter>源文件</Filter>
    </ClCompile>
    <ClCompile Include="lib\socket_send_operation.cpp">
      <Filter>源文件</Filter>
    </ClCompile>
    <ClCompile Include="lib\socket_send_to_operation.cpp">
      <Filter>源文件</Filter>
    </ClCompile>
    <ClCompile Include="lib\spin_mutex.cpp">
      <Filter>源文件</Filter>
    </ClCompile>
    <ClCompile Include="lib\spin_wait.cpp">
      <Filter>源文件</Filter>
    </ClCompile>
    <ClCompile Include="lib\static_thread_pool.cpp">
      <Filter>源文件</Filter>
    </ClCompile>
    <ClCompile Include="lib\win32.cpp">
      <Filter>源文件</Filter>
    </ClCompile>
    <ClCompile Include="lib\writable_file.cpp">
      <Filter>源文件</Filter>
    </ClCompile>
    <ClCompile Include="lib\write_only_file.cpp">
      <Filter>源文件</Filter>
    </ClCompile>
  </ItemGroup>
</Project>